// !$*UTF8*$!
{
	archiveVersion = 1;
	classes = {
	};
	objectVersion = 50;
	objects = {

/* Begin PBXBuildFile section */
		6908FCD9226D7C61006FCF68 /* Reorder.framework in Frameworks */ = {isa = PBXBuildFile; fileRef = 6908FCD7226D7C5A006FCF68 /* Reorder.framework */; };
		6908FCDA226D7C61006FCF68 /* Reorder.framework in Embed Frameworks */ = {isa = PBXBuildFile; fileRef = 6908FCD7226D7C5A006FCF68 /* Reorder.framework */; settings = {ATTRIBUTES = (CodeSignOnCopy, RemoveHeadersOnCopy, ); }; };
		69CA75B32269D76C004CF80F /* AppDelegate.swift in Sources */ = {isa = PBXBuildFile; fileRef = 69CA75B22269D76C004CF80F /* AppDelegate.swift */; };
		69CA75B52269D76C004CF80F /* ViewController.swift in Sources */ = {isa = PBXBuildFile; fileRef = 69CA75B42269D76C004CF80F /* ViewController.swift */; };
		69CA75B82269D76C004CF80F /* Main.storyboard in Resources */ = {isa = PBXBuildFile; fileRef = 69CA75B62269D76C004CF80F /* Main.storyboard */; };
		69CA75BA2269D76E004CF80F /* Assets.xcassets in Resources */ = {isa = PBXBuildFile; fileRef = 69CA75B92269D76E004CF80F /* Assets.xcassets */; };
		69CA75BD2269D76E004CF80F /* LaunchScreen.storyboard in Resources */ = {isa = PBXBuildFile; fileRef = 69CA75BB2269D76E004CF80F /* LaunchScreen.storyboard */; };
		69CA75C82269D76E004CF80F /* SampleReorderTests.swift in Sources */ = {isa = PBXBuildFile; fileRef = 69CA75C72269D76E004CF80F /* SampleReorderTests.swift */; };
		69CA75D32269D76E004CF80F /* SampleReorderUITests.swift in Sources */ = {isa = PBXBuildFile; fileRef = 69CA75D22269D76E004CF80F /* SampleReorderUITests.swift */; };
/* End PBXBuildFile section */

/* Begin PBXContainerItemProxy section */
		69CA75C42269D76E004CF80F /* PBXContainerItemProxy */ = {
			isa = PBXContainerItemProxy;
			containerPortal = 69CA75A72269D76C004CF80F /* Project object */;
			proxyType = 1;
			remoteGlobalIDString = 69CA75AE2269D76C004CF80F;
			remoteInfo = SampleReorder;
		};
		69CA75CF2269D76E004CF80F /* PBXContainerItemProxy */ = {
			isa = PBXContainerItemProxy;
			containerPortal = 69CA75A72269D76C004CF80F /* Project object */;
			proxyType = 1;
			remoteGlobalIDString = 69CA75AE2269D76C004CF80F;
			remoteInfo = SampleReorder;
		};
/* End PBXContainerItemProxy section */

/* Begin PBXCopyFilesBuildPhase section */
		6908FC9B226D73B9006FCF68 /* Embed Frameworks */ = {
			isa = PBXCopyFilesBuildPhase;
			buildActionMask = 2147483647;
			dstPath = "";
			dstSubfolderSpec = 10;
			files = (
				6908FCDA226D7C61006FCF68 /* Reorder.framework in Embed Frameworks */,
			);
			name = "Embed Frameworks";
			runOnlyForDeploymentPostprocessing = 0;
		};
/* End PBXCopyFilesBuildPhase section */

/* Begin PBXFileReference section */
		6908FCD7226D7C5A006FCF68 /* Reorder.framework */ = {isa = PBXFileReference; lastKnownFileType = wrapper.framework; name = Reorder.framework; path = Framework/Reorder.framework; sourceTree = "<group>"; };
		69CA75AF2269D76C004CF80F /* SampleReorder.app */ = {isa = PBXFileReference; explicitFileType = wrapper.application; includeInIndex = 0; path = SampleReorder.app; sourceTree = BUILT_PRODUCTS_DIR; };
		69CA75B22269D76C004CF80F /* AppDelegate.swift */ = {isa = PBXFileReference; lastKnownFileType = sourcecode.swift; path = AppDelegate.swift; sourceTree = "<group>"; };
		69CA75B42269D76C004CF80F /* ViewController.swift */ = {isa = PBXFileReference; lastKnownFileType = sourcecode.swift; path = ViewController.swift; sourceTree = "<group>"; };
		69CA75B72269D76C004CF80F /* Base */ = {isa = PBXFileReference; lastKnownFileType = file.storyboard; name = Base; path = Base.lproj/Main.storyboard; sourceTree = "<group>"; };
		69CA75B92269D76E004CF80F /* Assets.xcassets */ = {isa = PBXFileReference; lastKnownFileType = folder.assetcatalog; path = Assets.xcassets; sourceTree = "<group>"; };
		69CA75BC2269D76E004CF80F /* Base */ = {isa = PBXFileReference; lastKnownFileType = file.storyboard; name = Base; path = Base.lproj/LaunchScreen.storyboard; sourceTree = "<group>"; };
		69CA75BE2269D76E004CF80F /* Info.plist */ = {isa = PBXFileReference; lastKnownFileType = text.plist.xml; path = Info.plist; sourceTree = "<group>"; };
		69CA75C32269D76E004CF80F /* SampleReorderTests.xctest */ = {isa = PBXFileReference; explicitFileType = wrapper.cfbundle; includeInIndex = 0; path = SampleReorderTests.xctest; sourceTree = BUILT_PRODUCTS_DIR; };
		69CA75C72269D76E004CF80F /* SampleReorderTests.swift */ = {isa = PBXFileReference; lastKnownFileType = sourcecode.swift; path = SampleReorderTests.swift; sourceTree = "<group>"; };
		69CA75C92269D76E004CF80F /* Info.plist */ = {isa = PBXFileReference; lastKnownFileType = text.plist.xml; path = Info.plist; sourceTree = "<group>"; };
		69CA75CE2269D76E004CF80F /* SampleReorderUITests.xctest */ = {isa = PBXFileReference; explicitFileType = wrapper.cfbundle; includeInIndex = 0; path = SampleReorderUITests.xctest; sourceTree = BUILT_PRODUCTS_DIR; };
		69CA75D22269D76E004CF80F /* SampleReorderUITests.swift */ = {isa = PBXFileReference; lastKnownFileType = sourcecode.swift; path = SampleReorderUITests.swift; sourceTree = "<group>"; };
		69CA75D42269D76E004CF80F /* Info.plist */ = {isa = PBXFileReference; lastKnownFileType = text.plist.xml; path = Info.plist; sourceTree = "<group>"; };
/* End PBXFileReference section */

/* Begin PBXFrameworksBuildPhase section */
		69CA75AC2269D76C004CF80F /* Frameworks */ = {
			isa = PBXFrameworksBuildPhase;
			buildActionMask = 2147483647;
			files = (
				6908FCD9226D7C61006FCF68 /* Reorder.framework in Frameworks */,
			);
			runOnlyForDeploymentPostprocessing = 0;
		};
		69CA75C02269D76E004CF80F /* Frameworks */ = {
			isa = PBXFrameworksBuildPhase;
			buildActionMask = 2147483647;
			files = (
			);
			runOnlyForDeploymentPostprocessing = 0;
		};
		69CA75CB2269D76E004CF80F /* Frameworks */ = {
			isa = PBXFrameworksBuildPhase;
			buildActionMask = 2147483647;
			files = (
			);
			runOnlyForDeploymentPostprocessing = 0;
		};
/* End PBXFrameworksBuildPhase section */

/* Begin PBXGroup section */
		69CA75A62269D76C004CF80F = {
			isa = PBXGroup;
			children = (
				6908FCD7226D7C5A006FCF68 /* Reorder.framework */,
				69CA75B12269D76C004CF80F /* SampleReorder */,
				69CA75C62269D76E004CF80F /* SampleReorderTests */,
				69CA75D12269D76E004CF80F /* SampleReorderUITests */,
				69CA75B02269D76C004CF80F /* Products */,
			);
			sourceTree = "<group>";
		};
		69CA75B02269D76C004CF80F /* Products */ = {
			isa = PBXGroup;
			children = (
				69CA75AF2269D76C004CF80F /* SampleReorder.app */,
				69CA75C32269D76E004CF80F /* SampleReorderTests.xctest */,
				69CA75CE2269D76E004CF80F /* SampleReorderUITests.xctest */,
			);
			name = Products;
			sourceTree = "<group>";
		};
		69CA75B12269D76C004CF80F /* SampleReorder */ = {
			isa = PBXGroup;
			children = (
				69CA75B22269D76C004CF80F /* AppDelegate.swift */,
				69CA75B42269D76C004CF80F /* ViewController.swift */,
				69CA75B62269D76C004CF80F /* Main.storyboard */,
				69CA75B92269D76E004CF80F /* Assets.xcassets */,
				69CA75BB2269D76E004CF80F /* LaunchScreen.storyboard */,
				69CA75BE2269D76E004CF80F /* Info.plist */,
			);
			path = SampleReorder;
			sourceTree = "<group>";
		};
		69CA75C62269D76E004CF80F /* SampleReorderTests */ = {
			isa = PBXGroup;
			children = (
				69CA75C72269D76E004CF80F /* SampleReorderTests.swift */,
				69CA75C92269D76E004CF80F /* Info.plist */,
			);
			path = SampleReorderTests;
			sourceTree = "<group>";
		};
		69CA75D12269D76E004CF80F /* SampleReorderUITests */ = {
			isa = PBXGroup;
			children = (
				69CA75D22269D76E004CF80F /* SampleReorderUITests.swift */,
				69CA75D42269D76E004CF80F /* Info.plist */,
			);
			path = SampleReorderUITests;
			sourceTree = "<group>";
		};
/* End PBXGroup section */

/* Begin PBXNativeTarget section */
		69CA75AE2269D76C004CF80F /* SampleReorder */ = {
			isa = PBXNativeTarget;
			buildConfigurationList = 69CA75D72269D76E004CF80F /* Build configuration list for PBXNativeTarget "SampleReorder" */;
			buildPhases = (
				69CA75AB2269D76C004CF80F /* Sources */,
				69CA75AC2269D76C004CF80F /* Frameworks */,
				69CA75AD2269D76C004CF80F /* Resources */,
				6908FC9B226D73B9006FCF68 /* Embed Frameworks */,
			);
			buildRules = (
			);
			dependencies = (
			);
			name = SampleReorder;
			productName = SampleReorder;
			productReference = 69CA75AF2269D76C004CF80F /* SampleReorder.app */;
			productType = "com.apple.product-type.application";
		};
		69CA75C22269D76E004CF80F /* SampleReorderTests */ = {
			isa = PBXNativeTarget;
			buildConfigurationList = 69CA75DA2269D76E004CF80F /* Build configuration list for PBXNativeTarget "SampleReorderTests" */;
			buildPhases = (
				69CA75BF2269D76E004CF80F /* Sources */,
				69CA75C02269D76E004CF80F /* Frameworks */,
				69CA75C12269D76E004CF80F /* Resources */,
			);
			buildRules = (
			);
			dependencies = (
				69CA75C52269D76E004CF80F /* PBXTargetDependency */,
			);
			name = SampleReorderTests;
			productName = SampleReorderTests;
			productReference = 69CA75C32269D76E004CF80F /* SampleReorderTests.xctest */;
			productType = "com.apple.product-type.bundle.unit-test";
		};
		69CA75CD2269D76E004CF80F /* SampleReorderUITests */ = {
			isa = PBXNativeTarget;
			buildConfigurationList = 69CA75DD2269D76E004CF80F /* Build configuration list for PBXNativeTarget "SampleReorderUITests" */;
			buildPhases = (
				69CA75CA2269D76E004CF80F /* Sources */,
				69CA75CB2269D76E004CF80F /* Frameworks */,
				69CA75CC2269D76E004CF80F /* Resources */,
			);
			buildRules = (
			);
			dependencies = (
				69CA75D02269D76E004CF80F /* PBXTargetDependency */,
			);
			name = SampleReorderUITests;
			productName = SampleReorderUITests;
			productReference = 69CA75CE2269D76E004CF80F /* SampleReorderUITests.xctest */;
			productType = "com.apple.product-type.bundle.ui-testing";
		};
/* End PBXNativeTarget section */

/* Begin PBXProject section */
		69CA75A72269D76C004CF80F /* Project object */ = {
			isa = PBXProject;
			attributes = {
				LastSwiftUpdateCheck = 1020;
				LastUpgradeCheck = 1020;
				ORGANIZATIONNAME = FoodStory;
				TargetAttributes = {
					69CA75AE2269D76C004CF80F = {
						CreatedOnToolsVersion = 10.2;
					};
					69CA75C22269D76E004CF80F = {
						CreatedOnToolsVersion = 10.2;
						TestTargetID = 69CA75AE2269D76C004CF80F;
					};
					69CA75CD2269D76E004CF80F = {
						CreatedOnToolsVersion = 10.2;
						TestTargetID = 69CA75AE2269D76C004CF80F;
					};
				};
			};
			buildConfigurationList = 69CA75AA2269D76C004CF80F /* Build configuration list for PBXProject "SampleReorder" */;
			compatibilityVersion = "Xcode 9.3";
			developmentRegion = en;
			hasScannedForEncodings = 0;
			knownRegions = (
				en,
				Base,
			);
			mainGroup = 69CA75A62269D76C004CF80F;
			productRefGroup = 69CA75B02269D76C004CF80F /* Products */;
			projectDirPath = "";
			projectRoot = "";
			targets = (
				69CA75AE2269D76C004CF80F /* SampleReorder */,
				69CA75C22269D76E004CF80F /* SampleReorderTests */,
				69CA75CD2269D76E004CF80F /* SampleReorderUITests */,
			);
		};
/* End PBXProject section */

/* Begin PBXResourcesBuildPhase section */
		69CA75AD2269D76C004CF80F /* Resources */ = {
			isa = PBXResourcesBuildPhase;
			buildActionMask = 2147483647;
			files = (
				69CA75BD2269D76E004CF80F /* LaunchScreen.storyboard in Resources */,
				69CA75BA2269D76E004CF80F /* Assets.xcassets in Resources */,
				69CA75B82269D76C004CF80F /* Main.storyboard in Resources */,
			);
			runOnlyForDeploymentPostprocessing = 0;
		};
		69CA75C12269D76E004CF80F /* Resources */ = {
			isa = PBXResourcesBuildPhase;
			buildActionMask = 2147483647;
			files = (
			);
			runOnlyForDeploymentPostprocessing = 0;
		};
		69CA75CC2269D76E004CF80F /* Resources */ = {
			isa = PBXResourcesBuildPhase;
			buildActionMask = 2147483647;
			files = (
			);
			runOnlyForDeploymentPostprocessing = 0;
		};
/* End PBXResourcesBuildPhase section */

/* Begin PBXSourcesBuildPhase section */
		69CA75AB2269D76C004CF80F /* Sources */ = {
			isa = PBXSourcesBuildPhase;
			buildActionMask = 2147483647;
			files = (
				69CA75B52269D76C004CF80F /* ViewController.swift in Sources */,
				69CA75B32269D76C004CF80F /* AppDelegate.swift in Sources */,
			);
			runOnlyForDeploymentPostprocessing = 0;
		};
		69CA75BF2269D76E004CF80F /* Sources */ = {
			isa = PBXSourcesBuildPhase;
			buildActionMask = 2147483647;
			files = (
				69CA75C82269D76E004CF80F /* SampleReorderTests.swift in Sources */,
			);
			runOnlyForDeploymentPostprocessing = 0;
		};
		69CA75CA2269D76E004CF80F /* Sources */ = {
			isa = PBXSourcesBuildPhase;
			buildActionMask = 2147483647;
			files = (
				69CA75D32269D76E004CF80F /* SampleReorderUITests.swift in Sources */,
			);
			runOnlyForDeploymentPostprocessing = 0;
		};
/* End PBXSourcesBuildPhase section */

/* Begin PBXTargetDependency section */
		69CA75C52269D76E004CF80F /* PBXTargetDependency */ = {
			isa = PBXTargetDependency;
			target = 69CA75AE2269D76C004CF80F /* SampleReorder */;
			targetProxy = 69CA75C42269D76E004CF80F /* PBXContainerItemProxy */;
		};
		69CA75D02269D76E004CF80F /* PBXTargetDependency */ = {
			isa = PBXTargetDependency;
			target = 69CA75AE2269D76C004CF80F /* SampleReorder */;
			targetProxy = 69CA75CF2269D76E004CF80F /* PBXContainerItemProxy */;
		};
/* End PBXTargetDependency section */

/* Begin PBXVariantGroup section */
		69CA75B62269D76C004CF80F /* Main.storyboard */ = {
			isa = PBXVariantGroup;
			children = (
				69CA75B72269D76C004CF80F /* Base */,
			);
			name = Main.storyboard;
			sourceTree = "<group>";
		};
		69CA75BB2269D76E004CF80F /* LaunchScreen.storyboard */ = {
			isa = PBXVariantGroup;
			children = (
				69CA75BC2269D76E004CF80F /* Base */,
			);
			name = LaunchScreen.storyboard;
			sourceTree = "<group>";
		};
/* End PBXVariantGroup section */

/* Begin XCBuildConfiguration section */
		69CA75D52269D76E004CF80F /* Debug */ = {
			isa = XCBuildConfiguration;
			buildSettings = {
				ALWAYS_SEARCH_USER_PATHS = NO;
				CLANG_ANALYZER_NONNULL = YES;
				CLANG_ANALYZER_NUMBER_OBJECT_CONVERSION = YES_AGGRESSIVE;
				CLANG_CXX_LANGUAGE_STANDARD = "gnu++14";
				CLANG_CXX_LIBRARY = "libc++";
				CLANG_ENABLE_MODULES = YES;
				CLANG_ENABLE_OBJC_ARC = YES;
				CLANG_ENABLE_OBJC_WEAK = YES;
				CLANG_WARN_BLOCK_CAPTURE_AUTORELEASING = YES;
				CLANG_WARN_BOOL_CONVERSION = YES;
				CLANG_WARN_COMMA = YES;
				CLANG_WARN_CONSTANT_CONVERSION = YES;
				CLANG_WARN_DEPRECATED_OBJC_IMPLEMENTATIONS = YES;
				CLANG_WARN_DIRECT_OBJC_ISA_USAGE = YES_ERROR;
				CLANG_WARN_DOCUMENTATION_COMMENTS = YES;
				CLANG_WARN_EMPTY_BODY = YES;
				CLANG_WARN_ENUM_CONVERSION = YES;
				CLANG_WARN_INFINITE_RECURSION = YES;
				CLANG_WARN_INT_CONVERSION = YES;
				CLANG_WARN_NON_LITERAL_NULL_CONVERSION = YES;
				CLANG_WARN_OBJC_IMPLICIT_RETAIN_SELF = YES;
				CLANG_WARN_OBJC_LITERAL_CONVERSION = YES;
				CLANG_WARN_OBJC_ROOT_CLASS = YES_ERROR;
				CLANG_WARN_RANGE_LOOP_ANALYSIS = YES;
				CLANG_WARN_STRICT_PROTOTYPES = YES;
				CLANG_WARN_SUSPICIOUS_MOVE = YES;
				CLANG_WARN_UNGUARDED_AVAILABILITY = YES_AGGRESSIVE;
				CLANG_WARN_UNREACHABLE_CODE = YES;
				CLANG_WARN__DUPLICATE_METHOD_MATCH = YES;
				CODE_SIGN_IDENTITY = "iPhone Developer";
				COPY_PHASE_STRIP = NO;
				DEBUG_INFORMATION_FORMAT = dwarf;
				ENABLE_STRICT_OBJC_MSGSEND = YES;
				ENABLE_TESTABILITY = YES;
				GCC_C_LANGUAGE_STANDARD = gnu11;
				GCC_DYNAMIC_NO_PIC = NO;
				GCC_NO_COMMON_BLOCKS = YES;
				GCC_OPTIMIZATION_LEVEL = 0;
				GCC_PREPROCESSOR_DEFINITIONS = (
					"DEBUG=1",
					"$(inherited)",
				);
				GCC_WARN_64_TO_32_BIT_CONVERSION = YES;
				GCC_WARN_ABOUT_RETURN_TYPE = YES_ERROR;
				GCC_WARN_UNDECLARED_SELECTOR = YES;
				GCC_WARN_UNINITIALIZED_AUTOS = YES_AGGRESSIVE;
				GCC_WARN_UNUSED_FUNCTION = YES;
				GCC_WARN_UNUSED_VARIABLE = YES;
				IPHONEOS_DEPLOYMENT_TARGET = 12.2;
				MTL_ENABLE_DEBUG_INFO = INCLUDE_SOURCE;
				MTL_FAST_MATH = YES;
				ONLY_ACTIVE_ARCH = YES;
				SDKROOT = iphoneos;
				SWIFT_ACTIVE_COMPILATION_CONDITIONS = DEBUG;
				SWIFT_OPTIMIZATION_LEVEL = "-Onone";
			};
			name = Debug;
		};
		69CA75D62269D76E004CF80F /* Release */ = {
			isa = XCBuildConfiguration;
			buildSettings = {
				ALWAYS_SEARCH_USER_PATHS = NO;
				CLANG_ANALYZER_NONNULL = YES;
				CLANG_ANALYZER_NUMBER_OBJECT_CONVERSION = YES_AGGRESSIVE;
				CLANG_CXX_LANGUAGE_STANDARD = "gnu++14";
				CLANG_CXX_LIBRARY = "libc++";
				CLANG_ENABLE_MODULES = YES;
				CLANG_ENABLE_OBJC_ARC = YES;
				CLANG_ENABLE_OBJC_WEAK = YES;
				CLANG_WARN_BLOCK_CAPTURE_AUTORELEASING = YES;
				CLANG_WARN_BOOL_CONVERSION = YES;
				CLANG_WARN_COMMA = YES;
				CLANG_WARN_CONSTANT_CONVERSION = YES;
				CLANG_WARN_DEPRECATED_OBJC_IMPLEMENTATIONS = YES;
				CLANG_WARN_DIRECT_OBJC_ISA_USAGE = YES_ERROR;
				CLANG_WARN_DOCUMENTATION_COMMENTS = YES;
				CLANG_WARN_EMPTY_BODY = YES;
				CLANG_WARN_ENUM_CONVERSION = YES;
				CLANG_WARN_INFINITE_RECURSION = YES;
				CLANG_WARN_INT_CONVERSION = YES;
				CLANG_WARN_NON_LITERAL_NULL_CONVERSION = YES;
				CLANG_WARN_OBJC_IMPLICIT_RETAIN_SELF = YES;
				CLANG_WARN_OBJC_LITERAL_CONVERSION = YES;
				CLANG_WARN_OBJC_ROOT_CLASS = YES_ERROR;
				CLANG_WARN_RANGE_LOOP_ANALYSIS = YES;
				CLANG_WARN_STRICT_PROTOTYPES = YES;
				CLANG_WARN_SUSPICIOUS_MOVE = YES;
				CLANG_WARN_UNGUARDED_AVAILABILITY = YES_AGGRESSIVE;
				CLANG_WARN_UNREACHABLE_CODE = YES;
				CLANG_WARN__DUPLICATE_METHOD_MATCH = YES;
				CODE_SIGN_IDENTITY = "iPhone Developer";
				COPY_PHASE_STRIP = NO;
				DEBUG_INFORMATION_FORMAT = "dwarf-with-dsym";
				ENABLE_NS_ASSERTIONS = NO;
				ENABLE_STRICT_OBJC_MSGSEND = YES;
				GCC_C_LANGUAGE_STANDARD = gnu11;
				GCC_NO_COMMON_BLOCKS = YES;
				GCC_WARN_64_TO_32_BIT_CONVERSION = YES;
				GCC_WARN_ABOUT_RETURN_TYPE = YES_ERROR;
				GCC_WARN_UNDECLARED_SELECTOR = YES;
				GCC_WARN_UNINITIALIZED_AUTOS = YES_AGGRESSIVE;
				GCC_WARN_UNUSED_FUNCTION = YES;
				GCC_WARN_UNUSED_VARIABLE = YES;
				IPHONEOS_DEPLOYMENT_TARGET = 12.2;
				MTL_ENABLE_DEBUG_INFO = NO;
				MTL_FAST_MATH = YES;
				SDKROOT = iphoneos;
				SWIFT_COMPILATION_MODE = wholemodule;
				SWIFT_OPTIMIZATION_LEVEL = "-O";
				VALIDATE_PRODUCT = YES;
			};
			name = Release;
		};
		69CA75D82269D76E004CF80F /* Debug */ = {
			isa = XCBuildConfiguration;
			buildSettings = {
				ASSETCATALOG_COMPILER_APPICON_NAME = AppIcon;
				CODE_SIGN_STYLE = Automatic;
				DEVELOPMENT_TEAM = "";
				FRAMEWORK_SEARCH_PATHS = (
					"$(inherited)",
					"$(PROJECT_DIR)/SampleReorder",
					"$(PROJECT_DIR)/Framework",
					"$(PROJECT_DIR)",
				);
				INFOPLIST_FILE = SampleReorder/Info.plist;
				LD_RUNPATH_SEARCH_PATHS = (
					"$(inherited)",
					"@executable_path/Frameworks",
				);
				PRODUCT_BUNDLE_IDENTIFIER = xxxx.SampleReorder;
				PRODUCT_NAME = "$(TARGET_NAME)";
				SWIFT_VERSION = 5.0;
				TARGETED_DEVICE_FAMILY = "1,2";
			};
			name = Debug;
		};
		69CA75D92269D76E004CF80F /* Release */ = {
			isa = XCBuildConfiguration;
			buildSettings = {
				ASSETCATALOG_COMPILER_APPICON_NAME = AppIcon;
				CODE_SIGN_STYLE = Automatic;
				DEVELOPMENT_TEAM = "";
				FRAMEWORK_SEARCH_PATHS = (
					"$(inherited)",
					"$(PROJECT_DIR)/SampleReorder",
					"$(PROJECT_DIR)/Framework",
					"$(PROJECT_DIR)",
				);
				INFOPLIST_FILE = SampleReorder/Info.plist;
				LD_RUNPATH_SEARCH_PATHS = (
					"$(inherited)",
					"@executable_path/Frameworks",
				);
				PRODUCT_BUNDLE_IDENTIFIER = xxxx.SampleReorder;
				PRODUCT_NAME = "$(TARGET_NAME)";
				SWIFT_VERSION = 5.0;
				TARGETED_DEVICE_FAMILY = "1,2";
			};
			name = Release;
		};
		69CA75DB2269D76E004CF80F /* Debug */ = {
			isa = XCBuildConfiguration;
			buildSettings = {
				ALWAYS_EMBED_SWIFT_STANDARD_LIBRARIES = YES;
				BUNDLE_LOADER = "$(TEST_HOST)";
				CODE_SIGN_STYLE = Automatic;
				INFOPLIST_FILE = SampleReorderTests/Info.plist;
				LD_RUNPATH_SEARCH_PATHS = (
					"$(inherited)",
					"@executable_path/Frameworks",
					"@loader_path/Frameworks",
				);
				PRODUCT_BUNDLE_IDENTIFIER = LivingMobile.SampleReorderTests;
				PRODUCT_NAME = "$(TARGET_NAME)";
				SWIFT_VERSION = 5.0;
				TARGETED_DEVICE_FAMILY = "1,2";
				TEST_HOST = "$(BUILT_PRODUCTS_DIR)/SampleReorder.app/SampleReorder";
			};
			name = Debug;
		};
		69CA75DC2269D76E004CF80F /* Release */ = {
			isa = XCBuildConfiguration;
			buildSettings = {
				ALWAYS_EMBED_SWIFT_STANDARD_LIBRARIES = YES;
				BUNDLE_LOADER = "$(TEST_HOST)";
				CODE_SIGN_STYLE = Automatic;
				INFOPLIST_FILE = SampleReorderTests/Info.plist;
				LD_RUNPATH_SEARCH_PATHS = (
					"$(inherited)",
					"@executable_path/Frameworks",
					"@loader_path/Frameworks",
				);
				PRODUCT_BUNDLE_IDENTIFIER = LivingMobile.SampleReorderTests;
				PRODUCT_NAME = "$(TARGET_NAME)";
				SWIFT_VERSION = 5.0;
				TARGETED_DEVICE_FAMILY = "1,2";
				TEST_HOST = "$(BUILT_PRODUCTS_DIR)/SampleReorder.app/SampleReorder";
			};
			name = Release;
		};
		69CA75DE2269D76E004CF80F /* Debug */ = {
			isa = XCBuildConfiguration;
			buildSettings = {
				ALWAYS_EMBED_SWIFT_STANDARD_LIBRARIES = YES;
				CODE_SIGN_STYLE = Automatic;
				INFOPLIST_FILE = SampleReorderUITests/Info.plist;
				LD_RUNPATH_SEARCH_PATHS = (
					"$(inherited)",
					"@executable_path/Frameworks",
					"@loader_path/Frameworks",
				);
				PRODUCT_BUNDLE_IDENTIFIER = LivingMobile.SampleReorderUITests;
				PRODUCT_NAME = "$(TARGET_NAME)";
				SWIFT_VERSION = 5.0;
				TARGETED_DEVICE_FAMILY = "1,2";
				TEST_TARGET_NAME = SampleReorder;
			};
			name = Debug;
		};
		69CA75DF2269D76E004CF80F /* Release */ = {
			isa = XCBuildConfiguration;
			buildSettings = {
				ALWAYS_EMBED_SWIFT_STANDARD_LIBRARIES = YES;
				CODE_SIGN_STYLE = Automatic;
				INFOPLIST_FILE = SampleReorderUITests/Info.plist;
				LD_RUNPATH_SEARCH_PATHS = (
					"$(inherited)",
					"@executable_path/Frameworks",
					"@loader_path/Frameworks",
				);
				PRODUCT_BUNDLE_IDENTIFIER = LivingMobile.SampleReorderUITests;
				PRODUCT_NAME = "$(TARGET_NAME)";
				SWIFT_VERSION = 5.0;
				TARGETED_DEVICE_FAMILY = "1,2";
				TEST_TARGET_NAME = SampleReorder;
			};
			name = Release;
		};
/* End XCBuildConfiguration section */

/* Begin XCConfigurationList section */
		69CA75AA2269D76C004CF80F /* Build configuration list for PBXProject "SampleReorder" */ = {
			isa = XCConfigurationList;
			buildConfigurations = (
				69CA75D52269D76E004CF80F /* Debug */,
				69CA75D62269D76E004CF80F /* Release */,
			);
			defaultConfigurationIsVisible = 0;
			defaultConfigurationName = Release;
		};
		69CA75D72269D76E004CF80F /* Build configuration list for PBXNativeTarget "SampleReorder" */ = {
			isa = XCConfigurationList;
			buildConfigurations = (
				69CA75D82269D76E004CF80F /* Debug */,
				69CA75D92269D76E004CF80F /* Release */,
			);
			defaultConfigurationIsVisible = 0;
			defaultConfigurationName = Release;
		};
		69CA75DA2269D76E004CF80F /* Build configuration list for PBXNativeTarget "SampleReorderTests" */ = {
			isa = XCConfigurationList;
			buildConfigurations = (
				69CA75DB2269D76E004CF80F /* Debug */,
				69CA75DC2269D76E004CF80F /* Release */,
			);
			defaultConfigurationIsVisible = 0;
			defaultConfigurationName = Release;
		};
		69CA75DD2269D76E004CF80F /* Build configuration list for PBXNativeTarget "SampleReorderUITests" */ = {
			isa = XCConfigurationList;
			buildConfigurations = (
				69CA75DE2269D76E004CF80F /* Debug */,
				69CA75DF2269D76E004CF80F /* Release */,
			);
			defaultConfigurationIsVisible = 0;
			defaultConfigurationName = Release;
		};
/* End XCConfigurationList section */
	};
	rootObject = 69CA75A72269D76C004CF80F /* Project object */;
}
